{
  "version": 4,
  "terraform_version": "1.4.6",
  "serial": 191,
  "lineage": "74cedcd0-9d76-c219-0f29-894174a26767",
  "outputs": {},
  "resources": [
    {
      "mode": "data",
      "type": "google_billing_account",
      "name": "account",
      "provider": "provider[\"registry.terraform.io/hashicorp/google\"]",
      "instances": [
        {
          "schema_version": 0,
          "attributes": {
            "billing_account": null,
            "display_name": "Mein Rechnungskonto",
            "id": "010FC7-5AA920-64EFE8",
            "name": "billingAccounts/010FC7-5AA920-64EFE8",
            "open": true,
            "project_ids": [
              "animal-facts-project"
            ]
          },
          "sensitive_attributes": []
        }
      ]
    },
    {
      "mode": "managed",
      "type": "google_project",
      "name": "project",
      "provider": "provider[\"registry.terraform.io/hashicorp/google\"]",
      "instances": [
        {
          "schema_version": 1,
          "attributes": {
            "auto_create_network": true,
            "billing_account": "010FC7-5AA920-64EFE8",
            "folder_id": null,
            "id": "projects/animal-facts-project",
            "labels": {},
            "name": "Animal Facts",
            "number": "285388973408",
            "org_id": null,
            "project_id": "animal-facts-project",
            "skip_delete": null,
            "timeouts": null
          },
          "sensitive_attributes": [],
          "private": "eyJlMmJmYjczMC1lY2FhLTExZTYtOGY4OC0zNDM2M2JjN2M0YzAiOnsiY3JlYXRlIjo2MDAwMDAwMDAwMDAsImRlbGV0ZSI6NjAwMDAwMDAwMDAwLCJyZWFkIjo2MDAwMDAwMDAwMDAsInVwZGF0ZSI6NjAwMDAwMDAwMDAwfSwic2NoZW1hX3ZlcnNpb24iOiIxIn0=",
          "dependencies": [
            "data.google_billing_account.account"
          ]
        }
      ]
    },
    {
      "mode": "managed",
      "type": "google_project_iam_member",
      "name": "owner",
      "provider": "provider[\"registry.terraform.io/hashicorp/google\"]",
      "instances": [
        {
          "schema_version": 0,
          "attributes": {
            "condition": [],
            "etag": "BwX3+5hVMPs=",
            "id": "projects/animal-facts-project/roles/owner/user:yannik.foth97@gmail.com",
            "member": "user:yannik.foth97@gmail.com",
            "project": "projects/animal-facts-project",
            "role": "roles/owner"
          },
          "sensitive_attributes": [],
          "private": "bnVsbA==",
          "dependencies": [
            "data.google_billing_account.account",
            "google_project.project"
          ]
        }
      ]
    },
    {
      "mode": "managed",
      "type": "google_project_service",
      "name": "domains",
      "provider": "provider[\"registry.terraform.io/hashicorp/google\"]",
      "instances": [
        {
          "schema_version": 0,
          "attributes": {
            "disable_dependent_services": null,
            "disable_on_destroy": true,
            "id": "animal-facts-project/domains.googleapis.com",
            "project": "animal-facts-project",
            "service": "domains.googleapis.com",
            "timeouts": null
          },
          "sensitive_attributes": [],
          "private": "eyJlMmJmYjczMC1lY2FhLTExZTYtOGY4OC0zNDM2M2JjN2M0YzAiOnsiY3JlYXRlIjoxMjAwMDAwMDAwMDAwLCJkZWxldGUiOjEyMDAwMDAwMDAwMDAsInJlYWQiOjYwMDAwMDAwMDAwMCwidXBkYXRlIjoxMjAwMDAwMDAwMDAwfX0=",
          "dependencies": [
            "data.google_billing_account.account",
            "google_project.project"
          ]
        }
      ]
    },
    {
      "module": "module.cloud_run_animal_facts_facts_api",
      "mode": "managed",
      "type": "google_cloud_run_service",
      "name": "service",
      "provider": "provider[\"registry.terraform.io/hashicorp/google\"]",
      "instances": [
        {
          "schema_version": 1,
          "attributes": {
            "autogenerate_revision_name": true,
            "id": "locations/europe-west4/namespaces/animal-facts-project/services/facts-api",
            "location": "europe-west4",
            "metadata": [
              {
                "annotations": {
                  "run.googleapis.com/client-name": "cloud-console",
                  "run.googleapis.com/ingress": "all",
                  "run.googleapis.com/ingress-status": "all",
                  "run.googleapis.com/operation-id": "65c68506-5f8e-46dc-adb6-44eab1c589f3",
                  "serving.knative.dev/creator": "yannik.foth97@gmail.com",
                  "serving.knative.dev/lastModifier": "yannik.foth97@gmail.com"
                },
                "generation": 3,
                "labels": {
                  "cloud.googleapis.com/location": "europe-west4"
                },
                "namespace": "animal-facts-project",
                "resource_version": "AAX4iJdChJM",
                "self_link": "/apis/serving.knative.dev/v1/namespaces/285388973408/services/facts-api",
                "uid": "c913eb67-5423-4d73-bf3a-d10289c3d9a7"
              }
            ],
            "name": "facts-api",
            "project": "animal-facts-project",
            "status": [
              {
                "conditions": [
                  {
                    "message": "",
                    "reason": "",
                    "status": "True",
                    "type": "Ready"
                  },
                  {
                    "message": "",
                    "reason": "",
                    "status": "True",
                    "type": "ConfigurationsReady"
                  },
                  {
                    "message": "",
                    "reason": "",
                    "status": "True",
                    "type": "RoutesReady"
                  }
                ],
                "latest_created_revision_name": "facts-api-qsmbm",
                "latest_ready_revision_name": "facts-api-qsmbm",
                "observed_generation": 3,
                "url": "https://facts-api-fskmc2adna-ez.a.run.app"
              }
            ],
            "template": [
              {
                "metadata": [
                  {
                    "annotations": {
                      "autoscaling.knative.dev/maxScale": "3"
                    },
                    "generation": 0,
                    "labels": {},
                    "name": "",
                    "namespace": "",
                    "resource_version": "",
                    "self_link": "",
                    "uid": ""
                  }
                ],
                "spec": [
                  {
                    "container_concurrency": 80,
                    "containers": [
                      {
                        "args": [],
                        "command": [],
                        "env": [
                          {
                            "name": "API_PORT",
                            "value": "80",
                            "value_from": []
                          },
                          {
                            "name": "GCP_PROJECT",
                            "value": "animal-facts-project",
                            "value_from": []
                          },
                          {
                            "name": "GIN_MODE",
                            "value": "release",
                            "value_from": []
                          }
                        ],
                        "env_from": [],
                        "image": "europe-west4-docker.pkg.dev/animal-facts-project/animal-facts/facts-api:main",
                        "ports": [
                          {
                            "container_port": 80,
                            "name": "http1",
                            "protocol": ""
                          }
                        ],
                        "resources": [
                          {
                            "limits": {
                              "cpu": "1000m",
                              "memory": "512Mi"
                            },
                            "requests": {}
                          }
                        ],
                        "volume_mounts": [],
                        "working_dir": ""
                      }
                    ],
                    "service_account_name": "285388973408-compute@developer.gserviceaccount.com",
                    "serving_state": "",
                    "timeout_seconds": 300,
                    "volumes": []
                  }
                ]
              }
            ],
            "timeouts": null,
            "traffic": [
              {
                "latest_revision": true,
                "percent": 100,
                "revision_name": "",
                "tag": "",
                "url": ""
              }
            ]
          },
          "sensitive_attributes": [],
          "private": "eyJlMmJmYjczMC1lY2FhLTExZTYtOGY4OC0zNDM2M2JjN2M0YzAiOnsiY3JlYXRlIjoxMjAwMDAwMDAwMDAwLCJkZWxldGUiOjEyMDAwMDAwMDAwMDAsInVwZGF0ZSI6MTIwMDAwMDAwMDAwMH0sInNjaGVtYV92ZXJzaW9uIjoiMSJ9"
        }
      ]
    }
  ],
  "check_results": null
}
