{
  "version": 4,
  "terraform_version": "1.4.6",
  "serial": 29,
  "lineage": "d5f48099-273d-0708-0b33-ccd41cea6c18",
  "outputs": {
    "artifacts_registry_service_account": {
      "value": "serviceAccount:registry@fur-meds-project.iam.gserviceaccount.com",
      "type": "string"
    },
    "artifacts_registry_workload_identity_pool_provider": {
      "value": "projects/136935794817/locations/global/workloadIdentityPools/github-action/providers/github-action",
      "type": "string"
    }
  },
  "resources": [
    {
      "mode": "data",
      "type": "google_billing_account",
      "name": "account",
      "provider": "provider[\"registry.terraform.io/hashicorp/google\"]",
      "instances": [
        {
          "schema_version": 0,
          "attributes": {
            "billing_account": null,
            "display_name": "Mein Rechnungskonto",
            "id": "010FC7-5AA920-64EFE8",
            "name": "billingAccounts/010FC7-5AA920-64EFE8",
            "open": true,
            "project_ids": [
              "animal-facts-project",
              "fur-meds-project"
            ]
          },
          "sensitive_attributes": []
        }
      ]
    },
    {
      "mode": "managed",
      "type": "google_artifact_registry_repository",
      "name": "repository",
      "provider": "provider[\"registry.terraform.io/hashicorp/google\"]",
      "instances": [
        {
          "schema_version": 0,
          "attributes": {
            "create_time": "2023-05-13T07:32:54.734897Z",
            "description": "Storing images of fur meds services",
            "docker_config": [],
            "format": "DOCKER",
            "id": "projects/fur-meds-project/locations/europe-west4/repositories/fur-meds",
            "kms_key_name": "",
            "labels": null,
            "location": "europe-west4",
            "maven_config": [],
            "mode": "STANDARD_REPOSITORY",
            "name": "fur-meds",
            "project": "fur-meds-project",
            "remote_repository_config": [],
            "repository_id": "fur-meds",
            "timeouts": null,
            "update_time": "2023-05-13T07:32:54.734897Z",
            "virtual_repository_config": []
          },
          "sensitive_attributes": [],
          "private": "eyJlMmJmYjczMC1lY2FhLTExZTYtOGY4OC0zNDM2M2JjN2M0YzAiOnsiY3JlYXRlIjoxMjAwMDAwMDAwMDAwLCJkZWxldGUiOjEyMDAwMDAwMDAwMDAsInVwZGF0ZSI6MTIwMDAwMDAwMDAwMH19"
        }
      ]
    },
    {
      "mode": "managed",
      "type": "google_firebase_project",
      "name": "default",
      "provider": "provider[\"registry.terraform.io/hashicorp/google-beta\"]",
      "instances": [
        {
          "schema_version": 0,
          "attributes": {
            "display_name": "Fur Meds",
            "id": "projects/fur-meds-project",
            "project": "fur-meds-project",
            "project_number": "136935794817",
            "timeouts": null
          },
          "sensitive_attributes": [],
          "private": "eyJlMmJmYjczMC1lY2FhLTExZTYtOGY4OC0zNDM2M2JjN2M0YzAiOnsiY3JlYXRlIjoxMjAwMDAwMDAwMDAwLCJkZWxldGUiOjEyMDAwMDAwMDAwMDB9fQ==",
          "dependencies": [
            "google_project_iam_member.service_account_firebase_admin",
            "google_project_service.firebase",
            "google_service_account_key.firebase_key"
          ]
        }
      ]
    },
    {
      "mode": "managed",
      "type": "google_firebase_project_location",
      "name": "default",
      "provider": "provider[\"registry.terraform.io/hashicorp/google-beta\"]",
      "instances": [
        {
          "schema_version": 0,
          "attributes": {
            "id": "projects/fur-meds-project",
            "location_id": "europe-west",
            "project": "fur-meds-project",
            "timeouts": null
          },
          "sensitive_attributes": [],
          "private": "eyJlMmJmYjczMC1lY2FhLTExZTYtOGY4OC0zNDM2M2JjN2M0YzAiOnsiY3JlYXRlIjoxMjAwMDAwMDAwMDAwLCJkZWxldGUiOjEyMDAwMDAwMDAwMDB9fQ==",
          "dependencies": [
            "google_firebase_project.default",
            "google_project_iam_member.service_account_firebase_admin",
            "google_project_service.firebase",
            "google_service_account_key.firebase_key"
          ]
        }
      ]
    },
    {
      "mode": "managed",
      "type": "google_firebase_web_app",
      "name": "fur_meds",
      "provider": "provider[\"registry.terraform.io/hashicorp/google-beta\"]",
      "instances": [
        {
          "schema_version": 0,
          "attributes": {
            "app_id": "1:136935794817:web:8a7be094eef935bf6c8580",
            "app_urls": [],
            "deletion_policy": "ABANDON",
            "display_name": "Fur Meds",
            "id": "projects/fur-meds-project/webApps/1:136935794817:web:8a7be094eef935bf6c8580",
            "name": "projects/fur-meds-project/webApps/1:136935794817:web:8a7be094eef935bf6c8580",
            "project": "fur-meds-project",
            "timeouts": null
          },
          "sensitive_attributes": [],
          "private": "eyJlMmJmYjczMC1lY2FhLTExZTYtOGY4OC0zNDM2M2JjN2M0YzAiOnsiY3JlYXRlIjoxMjAwMDAwMDAwMDAwLCJkZWxldGUiOjEyMDAwMDAwMDAwMDAsInVwZGF0ZSI6MTIwMDAwMDAwMDAwMH19",
          "dependencies": [
            "google_firebase_project.default",
            "google_project_iam_member.service_account_firebase_admin",
            "google_project_service.firebase",
            "google_service_account_key.firebase_key"
          ]
        }
      ]
    },
    {
      "mode": "managed",
      "type": "google_iam_workload_identity_pool",
      "name": "pool",
      "provider": "provider[\"registry.terraform.io/hashicorp/google\"]",
      "instances": [
        {
          "schema_version": 0,
          "attributes": {
            "description": "",
            "disabled": false,
            "display_name": "github-action",
            "id": "projects/fur-meds-project/locations/global/workloadIdentityPools/github-action",
            "name": "projects/136935794817/locations/global/workloadIdentityPools/github-action",
            "project": "fur-meds-project",
            "state": "ACTIVE",
            "timeouts": null,
            "workload_identity_pool_id": "github-action"
          },
          "sensitive_attributes": [],
          "private": "eyJlMmJmYjczMC1lY2FhLTExZTYtOGY4OC0zNDM2M2JjN2M0YzAiOnsiY3JlYXRlIjoxMjAwMDAwMDAwMDAwLCJkZWxldGUiOjEyMDAwMDAwMDAwMDAsInVwZGF0ZSI6MTIwMDAwMDAwMDAwMH19"
        }
      ]
    },
    {
      "mode": "managed",
      "type": "google_iam_workload_identity_pool_provider",
      "name": "pool_oidc",
      "provider": "provider[\"registry.terraform.io/hashicorp/google\"]",
      "instances": [
        {
          "schema_version": 0,
          "attributes": {
            "attribute_condition": "",
            "attribute_mapping": {
              "attribute.actor": "assertion.actor",
              "attribute.repository": "assertion.repository",
              "google.subject": "assertion.sub"
            },
            "aws": [],
            "description": "",
            "disabled": false,
            "display_name": "github-action",
            "id": "projects/fur-meds-project/locations/global/workloadIdentityPools/github-action/providers/github-action",
            "name": "projects/136935794817/locations/global/workloadIdentityPools/github-action/providers/github-action",
            "oidc": [
              {
                "allowed_audiences": null,
                "issuer_uri": "https://token.actions.githubusercontent.com"
              }
            ],
            "project": "fur-meds-project",
            "state": "ACTIVE",
            "timeouts": null,
            "workload_identity_pool_id": "github-action",
            "workload_identity_pool_provider_id": "github-action"
          },
          "sensitive_attributes": [],
          "private": "eyJlMmJmYjczMC1lY2FhLTExZTYtOGY4OC0zNDM2M2JjN2M0YzAiOnsiY3JlYXRlIjoxMjAwMDAwMDAwMDAwLCJkZWxldGUiOjEyMDAwMDAwMDAwMDAsInVwZGF0ZSI6MTIwMDAwMDAwMDAwMH19",
          "dependencies": [
            "google_iam_workload_identity_pool.pool"
          ]
        }
      ]
    },
    {
      "mode": "managed",
      "type": "google_project",
      "name": "project",
      "provider": "provider[\"registry.terraform.io/hashicorp/google\"]",
      "instances": [
        {
          "schema_version": 1,
          "attributes": {
            "auto_create_network": true,
            "billing_account": "010FC7-5AA920-64EFE8",
            "folder_id": null,
            "id": "projects/fur-meds-project",
            "labels": {},
            "name": "Fur Meds",
            "number": "136935794817",
            "org_id": null,
            "project_id": "fur-meds-project",
            "skip_delete": null,
            "timeouts": null
          },
          "sensitive_attributes": [],
          "private": "eyJlMmJmYjczMC1lY2FhLTExZTYtOGY4OC0zNDM2M2JjN2M0YzAiOnsiY3JlYXRlIjo2MDAwMDAwMDAwMDAsImRlbGV0ZSI6NjAwMDAwMDAwMDAwLCJyZWFkIjo2MDAwMDAwMDAwMDAsInVwZGF0ZSI6NjAwMDAwMDAwMDAwfSwic2NoZW1hX3ZlcnNpb24iOiIxIn0=",
          "dependencies": [
            "data.google_billing_account.account"
          ]
        }
      ]
    },
    {
      "mode": "managed",
      "type": "google_project_iam_member",
      "name": "owner",
      "provider": "provider[\"registry.terraform.io/hashicorp/google\"]",
      "instances": [
        {
          "schema_version": 0,
          "attributes": {
            "condition": [],
            "etag": "BwX7jjNmiLc=",
            "id": "projects/fur-meds-project/roles/owner/user:yannik.foth97@gmail.com",
            "member": "user:yannik.foth97@gmail.com",
            "project": "projects/fur-meds-project",
            "role": "roles/owner"
          },
          "sensitive_attributes": [],
          "private": "bnVsbA==",
          "dependencies": [
            "data.google_billing_account.account",
            "google_project.project"
          ]
        }
      ]
    },
    {
      "mode": "managed",
      "type": "google_project_iam_member",
      "name": "registry",
      "provider": "provider[\"registry.terraform.io/hashicorp/google\"]",
      "instances": [
        {
          "schema_version": 0,
          "attributes": {
            "condition": [],
            "etag": "BwX7jjtIym0=",
            "id": "projects/fur-meds-project/roles/iam.workloadIdentityUser/principalSet://iam.googleapis.com/projects/136935794817/locations/global/workloadIdentityPools/github-action/attribute.repository/cafo13/fur-meds",
            "member": "principalSet://iam.googleapis.com/projects/136935794817/locations/global/workloadIdentityPools/github-action/attribute.repository/cafo13/fur-meds",
            "project": "projects/fur-meds-project",
            "role": "roles/iam.workloadIdentityUser"
          },
          "sensitive_attributes": [],
          "private": "bnVsbA==",
          "dependencies": [
            "google_iam_workload_identity_pool.pool",
            "google_project.project"
          ]
        }
      ]
    },
    {
      "mode": "managed",
      "type": "google_project_iam_member",
      "name": "registry_admin",
      "provider": "provider[\"registry.terraform.io/hashicorp/google\"]",
      "instances": [
        {
          "schema_version": 0,
          "attributes": {
            "condition": [],
            "etag": "BwX7jjNmiLc=",
            "id": "projects/fur-meds-project/roles/artifactregistry.admin/serviceAccount:registry@fur-meds-project.iam.gserviceaccount.com",
            "member": "serviceAccount:registry@fur-meds-project.iam.gserviceaccount.com",
            "project": "projects/fur-meds-project",
            "role": "roles/artifactregistry.admin"
          },
          "sensitive_attributes": [],
          "private": "bnVsbA==",
          "dependencies": [
            "data.google_billing_account.account",
            "google_project.project",
            "google_project_iam_member.owner",
            "google_project_service.registry",
            "google_service_account.registry"
          ]
        }
      ]
    },
    {
      "mode": "managed",
      "type": "google_project_iam_member",
      "name": "service_account_firebase_admin",
      "provider": "provider[\"registry.terraform.io/hashicorp/google\"]",
      "instances": [
        {
          "schema_version": 0,
          "attributes": {
            "condition": [],
            "etag": "BwX7jjNmiLc=",
            "id": "projects/fur-meds-project/roles/editor/serviceAccount:firebase@fur-meds-project.iam.gserviceaccount.com",
            "member": "serviceAccount:firebase@fur-meds-project.iam.gserviceaccount.com",
            "project": "projects/fur-meds-project",
            "role": "roles/editor"
          },
          "sensitive_attributes": [],
          "private": "bnVsbA==",
          "dependencies": [
            "data.google_billing_account.account",
            "google_project.project",
            "google_project_iam_member.owner",
            "google_project_service.firebase",
            "google_service_account.firebase"
          ]
        }
      ]
    },
    {
      "mode": "managed",
      "type": "google_project_service",
      "name": "cloud_dns",
      "provider": "provider[\"registry.terraform.io/hashicorp/google\"]",
      "instances": [
        {
          "schema_version": 0,
          "attributes": {
            "disable_dependent_services": null,
            "disable_on_destroy": true,
            "id": "fur-meds-project/dns.googleapis.com",
            "project": "fur-meds-project",
            "service": "dns.googleapis.com",
            "timeouts": null
          },
          "sensitive_attributes": [],
          "private": "eyJlMmJmYjczMC1lY2FhLTExZTYtOGY4OC0zNDM2M2JjN2M0YzAiOnsiY3JlYXRlIjoxMjAwMDAwMDAwMDAwLCJkZWxldGUiOjEyMDAwMDAwMDAwMDAsInJlYWQiOjYwMDAwMDAwMDAwMCwidXBkYXRlIjoxMjAwMDAwMDAwMDAwfX0=",
          "dependencies": [
            "data.google_billing_account.account",
            "google_project.project"
          ]
        }
      ]
    },
    {
      "mode": "managed",
      "type": "google_project_service",
      "name": "cloud_run",
      "provider": "provider[\"registry.terraform.io/hashicorp/google\"]",
      "instances": [
        {
          "schema_version": 0,
          "attributes": {
            "disable_dependent_services": null,
            "disable_on_destroy": true,
            "id": "fur-meds-project/run.googleapis.com",
            "project": "fur-meds-project",
            "service": "run.googleapis.com",
            "timeouts": null
          },
          "sensitive_attributes": [],
          "private": "eyJlMmJmYjczMC1lY2FhLTExZTYtOGY4OC0zNDM2M2JjN2M0YzAiOnsiY3JlYXRlIjoxMjAwMDAwMDAwMDAwLCJkZWxldGUiOjEyMDAwMDAwMDAwMDAsInJlYWQiOjYwMDAwMDAwMDAwMCwidXBkYXRlIjoxMjAwMDAwMDAwMDAwfX0=",
          "dependencies": [
            "data.google_billing_account.account",
            "google_project.project"
          ]
        }
      ]
    },
    {
      "mode": "managed",
      "type": "google_project_service",
      "name": "compute",
      "provider": "provider[\"registry.terraform.io/hashicorp/google\"]",
      "instances": [
        {
          "schema_version": 0,
          "attributes": {
            "disable_dependent_services": null,
            "disable_on_destroy": true,
            "id": "fur-meds-project/compute.googleapis.com",
            "project": "fur-meds-project",
            "service": "compute.googleapis.com",
            "timeouts": null
          },
          "sensitive_attributes": [],
          "private": "eyJlMmJmYjczMC1lY2FhLTExZTYtOGY4OC0zNDM2M2JjN2M0YzAiOnsiY3JlYXRlIjoxMjAwMDAwMDAwMDAwLCJkZWxldGUiOjEyMDAwMDAwMDAwMDAsInJlYWQiOjYwMDAwMDAwMDAwMCwidXBkYXRlIjoxMjAwMDAwMDAwMDAwfX0=",
          "dependencies": [
            "data.google_billing_account.account",
            "google_project.project"
          ]
        }
      ]
    },
    {
      "mode": "managed",
      "type": "google_project_service",
      "name": "domains",
      "provider": "provider[\"registry.terraform.io/hashicorp/google\"]",
      "instances": [
        {
          "schema_version": 0,
          "attributes": {
            "disable_dependent_services": null,
            "disable_on_destroy": true,
            "id": "fur-meds-project/domains.googleapis.com",
            "project": "fur-meds-project",
            "service": "domains.googleapis.com",
            "timeouts": null
          },
          "sensitive_attributes": [],
          "private": "eyJlMmJmYjczMC1lY2FhLTExZTYtOGY4OC0zNDM2M2JjN2M0YzAiOnsiY3JlYXRlIjoxMjAwMDAwMDAwMDAwLCJkZWxldGUiOjEyMDAwMDAwMDAwMDAsInJlYWQiOjYwMDAwMDAwMDAwMCwidXBkYXRlIjoxMjAwMDAwMDAwMDAwfX0=",
          "dependencies": [
            "data.google_billing_account.account",
            "google_project.project"
          ]
        }
      ]
    },
    {
      "mode": "managed",
      "type": "google_project_service",
      "name": "firebase",
      "provider": "provider[\"registry.terraform.io/hashicorp/google\"]",
      "instances": [
        {
          "schema_version": 0,
          "attributes": {
            "disable_dependent_services": true,
            "disable_on_destroy": true,
            "id": "fur-meds-project/firebase.googleapis.com",
            "project": "fur-meds-project",
            "service": "firebase.googleapis.com",
            "timeouts": null
          },
          "sensitive_attributes": [],
          "private": "eyJlMmJmYjczMC1lY2FhLTExZTYtOGY4OC0zNDM2M2JjN2M0YzAiOnsiY3JlYXRlIjoxMjAwMDAwMDAwMDAwLCJkZWxldGUiOjEyMDAwMDAwMDAwMDAsInJlYWQiOjYwMDAwMDAwMDAwMCwidXBkYXRlIjoxMjAwMDAwMDAwMDAwfX0=",
          "dependencies": [
            "data.google_billing_account.account",
            "google_project.project"
          ]
        }
      ]
    },
    {
      "mode": "managed",
      "type": "google_project_service",
      "name": "firestore",
      "provider": "provider[\"registry.terraform.io/hashicorp/google\"]",
      "instances": [
        {
          "schema_version": 0,
          "attributes": {
            "disable_dependent_services": null,
            "disable_on_destroy": true,
            "id": "fur-meds-project/firestore.googleapis.com",
            "project": "fur-meds-project",
            "service": "firestore.googleapis.com",
            "timeouts": null
          },
          "sensitive_attributes": [],
          "private": "eyJlMmJmYjczMC1lY2FhLTExZTYtOGY4OC0zNDM2M2JjN2M0YzAiOnsiY3JlYXRlIjoxMjAwMDAwMDAwMDAwLCJkZWxldGUiOjEyMDAwMDAwMDAwMDAsInJlYWQiOjYwMDAwMDAwMDAwMCwidXBkYXRlIjoxMjAwMDAwMDAwMDAwfX0=",
          "dependencies": [
            "data.google_billing_account.account",
            "google_project.project"
          ]
        }
      ]
    },
    {
      "mode": "managed",
      "type": "google_project_service",
      "name": "iam",
      "provider": "provider[\"registry.terraform.io/hashicorp/google\"]",
      "instances": [
        {
          "schema_version": 0,
          "attributes": {
            "disable_dependent_services": null,
            "disable_on_destroy": true,
            "id": "fur-meds-project/iamcredentials.googleapis.com",
            "project": "fur-meds-project",
            "service": "iamcredentials.googleapis.com",
            "timeouts": null
          },
          "sensitive_attributes": [],
          "private": "eyJlMmJmYjczMC1lY2FhLTExZTYtOGY4OC0zNDM2M2JjN2M0YzAiOnsiY3JlYXRlIjoxMjAwMDAwMDAwMDAwLCJkZWxldGUiOjEyMDAwMDAwMDAwMDAsInJlYWQiOjYwMDAwMDAwMDAwMCwidXBkYXRlIjoxMjAwMDAwMDAwMDAwfX0=",
          "dependencies": [
            "data.google_billing_account.account",
            "google_project.project"
          ]
        }
      ]
    },
    {
      "mode": "managed",
      "type": "google_project_service",
      "name": "registry",
      "provider": "provider[\"registry.terraform.io/hashicorp/google\"]",
      "instances": [
        {
          "schema_version": 0,
          "attributes": {
            "disable_dependent_services": null,
            "disable_on_destroy": true,
            "id": "fur-meds-project/artifactregistry.googleapis.com",
            "project": "fur-meds-project",
            "service": "artifactregistry.googleapis.com",
            "timeouts": null
          },
          "sensitive_attributes": [],
          "private": "eyJlMmJmYjczMC1lY2FhLTExZTYtOGY4OC0zNDM2M2JjN2M0YzAiOnsiY3JlYXRlIjoxMjAwMDAwMDAwMDAwLCJkZWxldGUiOjEyMDAwMDAwMDAwMDAsInJlYWQiOjYwMDAwMDAwMDAwMCwidXBkYXRlIjoxMjAwMDAwMDAwMDAwfX0=",
          "dependencies": [
            "data.google_billing_account.account",
            "google_project.project"
          ]
        }
      ]
    },
    {
      "mode": "managed",
      "type": "google_service_account",
      "name": "firebase",
      "provider": "provider[\"registry.terraform.io/hashicorp/google\"]",
      "instances": [
        {
          "schema_version": 0,
          "attributes": {
            "account_id": "firebase",
            "description": "",
            "disabled": false,
            "display_name": "FireBase Service Account",
            "email": "firebase@fur-meds-project.iam.gserviceaccount.com",
            "id": "projects/fur-meds-project/serviceAccounts/firebase@fur-meds-project.iam.gserviceaccount.com",
            "member": "serviceAccount:firebase@fur-meds-project.iam.gserviceaccount.com",
            "name": "projects/fur-meds-project/serviceAccounts/firebase@fur-meds-project.iam.gserviceaccount.com",
            "project": "fur-meds-project",
            "timeouts": null,
            "unique_id": "106565363447016568452"
          },
          "sensitive_attributes": [],
          "private": "eyJlMmJmYjczMC1lY2FhLTExZTYtOGY4OC0zNDM2M2JjN2M0YzAiOnsiY3JlYXRlIjozMDAwMDAwMDAwMDB9fQ==",
          "dependencies": [
            "data.google_billing_account.account",
            "google_project.project",
            "google_project_iam_member.owner",
            "google_project_service.firebase"
          ]
        }
      ]
    },
    {
      "mode": "managed",
      "type": "google_service_account",
      "name": "registry",
      "provider": "provider[\"registry.terraform.io/hashicorp/google\"]",
      "instances": [
        {
          "schema_version": 0,
          "attributes": {
            "account_id": "registry",
            "description": "",
            "disabled": false,
            "display_name": "Registry Service Account",
            "email": "registry@fur-meds-project.iam.gserviceaccount.com",
            "id": "projects/fur-meds-project/serviceAccounts/registry@fur-meds-project.iam.gserviceaccount.com",
            "member": "serviceAccount:registry@fur-meds-project.iam.gserviceaccount.com",
            "name": "projects/fur-meds-project/serviceAccounts/registry@fur-meds-project.iam.gserviceaccount.com",
            "project": "fur-meds-project",
            "timeouts": null,
            "unique_id": "107507368060061004312"
          },
          "sensitive_attributes": [],
          "private": "eyJlMmJmYjczMC1lY2FhLTExZTYtOGY4OC0zNDM2M2JjN2M0YzAiOnsiY3JlYXRlIjozMDAwMDAwMDAwMDB9fQ==",
          "dependencies": [
            "data.google_billing_account.account",
            "google_project.project",
            "google_project_iam_member.owner",
            "google_project_service.registry"
          ]
        }
      ]
    },
    {
      "mode": "managed",
      "type": "google_service_account_key",
      "name": "firebase_key",
      "provider": "provider[\"registry.terraform.io/hashicorp/google\"]",
      "instances": [
        {
          "schema_version": 0,
          "attributes": {
            "id": "projects/fur-meds-project/serviceAccounts/firebase@fur-meds-project.iam.gserviceaccount.com/keys/db887e35ca5751e9287f23d0068a3cffbe3c0209",
            "keepers": null,
            "key_algorithm": "KEY_ALG_RSA_2048",
            "name": "projects/fur-meds-project/serviceAccounts/firebase@fur-meds-project.iam.gserviceaccount.com/keys/db887e35ca5751e9287f23d0068a3cffbe3c0209",
            "private_key": "ewogICJ0eXBlIjogInNlcnZpY2VfYWNjb3VudCIsCiAgInByb2plY3RfaWQiOiAiZnVyLW1lZHMtcHJvamVjdCIsCiAgInByaXZhdGVfa2V5X2lkIjogImRiODg3ZTM1Y2E1NzUxZTkyODdmMjNkMDA2OGEzY2ZmYmUzYzAyMDkiLAogICJwcml2YXRlX2tleSI6ICItLS0tLUJFR0lOIFBSSVZBVEUgS0VZLS0tLS1cbk1JSUV2Z0lCQURBTkJna3Foa2lHOXcwQkFRRUZBQVNDQktnd2dnU2tBZ0VBQW9JQkFRQ3craUVCSVhDeFk3SFFcblgzcnVRNmhhRkttOVU3NDRYeEN6L0hPNUZMeTFDTGpRTVNHcnRSYUxVaXNlem9GMFVhRVJoSTIrci9sd3NhcFpcbktzMDRIY2ZtRG1WRDFlSE9XRDdlQ0oxNkJLRjZMMGcxMmdmQU5HT2ZDNkltQ1U2emZ6RVVwRTJvd3NPc0haSGdcbmYrU3duTVl5dytkTXNBQWZGV2hpUWNlNUUrTytYK2l4cUNMb1F4aVFTQkxNS3Jhc0VqQkI2aFR0dit2aWZQbGFcblJtRExXRjdxYzYyL2xiR3FYVTNzaFd1UC8vQTNJZFpEVzBsajVSZFdyVmZtZFVFNGF3RFVhSkViYmdvbDlwaERcbmI5ME4zZFBVZkZEUnI1bGwwT3FFK2lFMnVaWXp2QjJrSFhmUXNtdDFNdTZxYTIxck1GUGZFR1M1czV2VnhhbThcbmhkdEoyNnpOQWdNQkFBRUNnZ0VBRFdsZkwrMC9VNG9aRXcveFNuWWhIM1o2YUlrY25Md0RrWWc3b3RhQitId3Bcbk9Vbkg0ZkhPdkE4bGltZWU0dGcreXd1UERGamNuK0F1NXlQNXVsdHpaeWxISGsxcWw4OFRNSk5aajhJakZKWFpcbnRJOEowRlNJQ2lrQkNEM2pVM0g3bjdOVjJVaXRPSEZqT1M2bi80Ulo5c1htMU9admsrdDA1aUZUQitFTWZNUTZcbk9JYVBFS0Njek1MSVlGL0ZVeVczb0NTN1UyU2c5OXR0bUp3MEdVdGlVZ1F1OTdZRXg5QlQvb2RiRUphTGNmWGVcbkx6RmdUQ1JpNHhIN2M3eXJteGtXeFhrWXFzb2FWMFdvQzVyQlFDNUpxOVYyMjlOanB5WFFWSGVlVTA3WXdBUHBcbkFPR2RQdE1DeUhOaWdkT3I1bHd5c3dVT3RKelU5K1BBanBDYUpnZllZUUtCZ1FENk9GR1hhV21NeVJFd1J2eHRcbjBqRHI1NE1FVzYxbDdwcXE2Mi9ZYkx1SWZ5bzR5V1h2bWFPQnZPQ0RBU3NCOCtuSkwwcno1UFBRNTk0cmszU1FcbjlMTzI1dXRGRHZpZUNFSE10NDlpbjQ5NzZYWmFzdzhabkNhbDZxbEw4NEs2Z2UzYTNraFVwLyszdVpJK21XRVZcbnNBandKNXZNSEtyVXlHbFB4OExwejdaOS9RS0JnUUMxRUsvRDV2enZobVJRbzRpT1ZxU3Y2T0dkaW11VE0xZDRcbnJDTEI2NG5jNnorQ2E2SWpQS21mVENnUGpnMk5NOUVIdllRYTl4WFJ2SVZJSHlSSjZFcE5pRjFCSUg3emxXdWlcbnlVMnZQZzYrZks3My9IQ0pqYjdQV1REY0h6TjBCS2dYTFJqOWdoMjBaNjFyOEQrVHpqaDVSdkhKeDJjVFdvbmVcbllyTVZBc1E3RVFLQmdRREljZDFLd2ZNQUNRSnYvaTJ4ZkRRY2hyVjZCRWIvNVFpWjYwa0p3dkRvQTVhN0x2c3RcbjJaSVdHRXh5SmJsaU14Y1JSNFZ2by9WOVlJR2x2dFllV1NpdVdJWVlLRW9acnR1bk4xVHgySWlFNXgwY3cxeFJcblU3blNLQTIrL2krM1lPWTk4dHRXbGM1UVM2UlA2V2JRak5oY0toNndnRGFKaHBKMmlyd2x1WE9qc1FLQmdHTFRcbk9ydllCVkhPcmszOUUvbHNmUEt1VHdZbm1OTjlBRThTMU4yMjYwWXkrRFQ4L2oveFNqdHgyNk94eXQrNDJtdzVcbkdqT0ZqTmt1NWlnWkp6dFhsOFo5bVRpRXZnWEJGa0NCVXU5RkZkTU9Sb2wvdFFTKzR0aFZPLy9JMzlLQkFDVzJcbkxaK2dOd3BTVkN0SHM4dStrTUJRNG9OWlhIOEp1Wm94a01EMUE1bWhBb0dCQUphTTJHNzdza0o1NmxUSGlYL0dcbnZwazcvRnFuNjhnRlN4MitIRE9xTlVNSnBlU1p0UFkzNzJZQmxxSnk0RGluL0JSYmhkNUFLN3JHcnd1Vjk5M2JcbnlMWTNSbkp1dllQNkNsa2NvYm9XM1htM1hnZFhPbTA5NVp1VUUydE5mKzhnZzFOeXNMV2NORHNsT3FVT2Fad1dcblBjZkExY2JGeHlKV2VqQTRxUjBFVStJNlxuLS0tLS1FTkQgUFJJVkFURSBLRVktLS0tLVxuIiwKICAiY2xpZW50X2VtYWlsIjogImZpcmViYXNlQGZ1ci1tZWRzLXByb2plY3QuaWFtLmdzZXJ2aWNlYWNjb3VudC5jb20iLAogICJjbGllbnRfaWQiOiAiMTA2NTY1MzYzNDQ3MDE2NTY4NDUyIiwKICAiYXV0aF91cmkiOiAiaHR0cHM6Ly9hY2NvdW50cy5nb29nbGUuY29tL28vb2F1dGgyL2F1dGgiLAogICJ0b2tlbl91cmkiOiAiaHR0cHM6Ly9vYXV0aDIuZ29vZ2xlYXBpcy5jb20vdG9rZW4iLAogICJhdXRoX3Byb3ZpZGVyX3g1MDlfY2VydF91cmwiOiAiaHR0cHM6Ly93d3cuZ29vZ2xlYXBpcy5jb20vb2F1dGgyL3YxL2NlcnRzIiwKICAiY2xpZW50X3g1MDlfY2VydF91cmwiOiAiaHR0cHM6Ly93d3cuZ29vZ2xlYXBpcy5jb20vcm9ib3QvdjEvbWV0YWRhdGEveDUwOS9maXJlYmFzZSU0MGZ1ci1tZWRzLXByb2plY3QuaWFtLmdzZXJ2aWNlYWNjb3VudC5jb20iLAogICJ1bml2ZXJzZV9kb21haW4iOiAiZ29vZ2xlYXBpcy5jb20iCn0K",
            "private_key_type": "TYPE_GOOGLE_CREDENTIALS_FILE",
            "public_key": "LS0tLS1CRUdJTiBDRVJUSUZJQ0FURS0tLS0tCk1JSUMvRENDQWVTZ0F3SUJBZ0lJQ1VNbUhaVkpldm93RFFZSktvWklodmNOQVFFRkJRQXdJREVlTUJ3R0ExVUUKQXhNVk1UQTJOVFkxTXpZek5EUTNNREUyTlRZNE5EVXlNQ0FYRFRJek1EVXhNekEzTXpBME5Wb1lEems1T1RreApNak14TWpNMU9UVTVXakFnTVI0d0hBWURWUVFERXhVeE1EWTFOalV6TmpNME5EY3dNVFkxTmpnME5USXdnZ0VpCk1BMEdDU3FHU0liM0RRRUJBUVVBQTRJQkR3QXdnZ0VLQW9JQkFRQ3craUVCSVhDeFk3SFFYM3J1UTZoYUZLbTkKVTc0NFh4Q3ovSE81Rkx5MUNMalFNU0dydFJhTFVpc2V6b0YwVWFFUmhJMityL2x3c2FwWktzMDRIY2ZtRG1WRAoxZUhPV0Q3ZUNKMTZCS0Y2TDBnMTJnZkFOR09mQzZJbUNVNnpmekVVcEUyb3dzT3NIWkhnZitTd25NWXl3K2RNCnNBQWZGV2hpUWNlNUUrTytYK2l4cUNMb1F4aVFTQkxNS3Jhc0VqQkI2aFR0dit2aWZQbGFSbURMV0Y3cWM2Mi8KbGJHcVhVM3NoV3VQLy9BM0lkWkRXMGxqNVJkV3JWZm1kVUU0YXdEVWFKRWJiZ29sOXBoRGI5ME4zZFBVZkZEUgpyNWxsME9xRStpRTJ1Wll6dkIya0hYZlFzbXQxTXU2cWEyMXJNRlBmRUdTNXM1dlZ4YW04aGR0SjI2ek5BZ01CCkFBR2pPREEyTUF3R0ExVWRFd0VCL3dRQ01BQXdEZ1lEVlIwUEFRSC9CQVFEQWdlQU1CWUdBMVVkSlFFQi93UU0KTUFvR0NDc0dBUVVGQndNQ01BMEdDU3FHU0liM0RRRUJCUVVBQTRJQkFRQ2tGSEx5YnNGK3FqWnd0czlmazdMMQp5aCtRS1pVM2lERCtrbm1WY2RxWkpOTXVnSDgrOUJzWkNpcGVGTytBUllXRm5BK0p4eDBzc3NmcVpaMDFzc1paClRSRXVOUmhIUVhGbzNlL1VtbHBZeGxGZytRTWE0OHNtQzBhdmliR3M1OHdQMlBSaDBBZUhidjZDR2svdWJIUXAKYmdmZzN0YU5EMmFzQ3BpOTZUT0RTZnZLQ0NZWkZHTHM5WG9rUG5qNXdHNTNBSGl5SDVELzhkMm5HbUdhWXMySQo1eWIxOUZaZ3ZoM3Bid08xYUZTbURRZzBOUnZXR0FjOEhlWnZWWkZEVm1XMVBteGtaeXBWRE82SVNUN25UUXRSClhpWVlIMEZhTFpyZXVyRVdTWDhTaDlyY3BiNVE4blBWZGhiZVlTNHUwcG5iZjhZS0F5VzRtTmViVFJCUkZkYkwKLS0tLS1FTkQgQ0VSVElGSUNBVEUtLS0tLQo=",
            "public_key_data": null,
            "public_key_type": "TYPE_X509_PEM_FILE",
            "service_account_id": "projects/fur-meds-project/serviceAccounts/firebase@fur-meds-project.iam.gserviceaccount.com",
            "valid_after": "2023-05-13T07:30:45Z",
            "valid_before": "9999-12-31T23:59:59Z"
          },
          "sensitive_attributes": [],
          "private": "bnVsbA==",
          "dependencies": [
            "data.google_billing_account.account",
            "google_project.project",
            "google_project_iam_member.owner",
            "google_project_service.firebase",
            "google_service_account.firebase"
          ]
        }
      ]
    },
    {
      "module": "module.cloud_run_fur_meds_pets_api",
      "mode": "data",
      "type": "google_iam_policy",
      "name": "noauth",
      "provider": "provider[\"registry.terraform.io/hashicorp/google\"]",
      "instances": [
        {
          "schema_version": 0,
          "attributes": {
            "audit_config": null,
            "binding": [
              {
                "condition": [],
                "members": [
                  "allUsers"
                ],
                "role": "roles/run.invoker"
              }
            ],
            "id": "3450855414",
            "policy_data": "{\"bindings\":[{\"members\":[\"allUsers\"],\"role\":\"roles/run.invoker\"}]}"
          },
          "sensitive_attributes": []
        }
      ]
    },
    {
      "module": "module.cloud_run_fur_meds_pets_api",
      "mode": "managed",
      "type": "google_cloud_run_service",
      "name": "service",
      "provider": "provider[\"registry.terraform.io/hashicorp/google\"]",
      "instances": [
        {
          "status": "tainted",
          "schema_version": 1,
          "attributes": {
            "autogenerate_revision_name": true,
            "id": "locations/europe-west4/namespaces/fur-meds-project/services/pets-api",
            "location": "europe-west4",
            "metadata": null,
            "name": "pets-api",
            "project": null,
            "status": null,
            "template": [
              {
                "metadata": [
                  {
                    "annotations": {
                      "autoscaling.knative.dev/maxScale": "3"
                    },
                    "generation": 0,
                    "labels": null,
                    "name": "",
                    "namespace": "",
                    "resource_version": "",
                    "self_link": "",
                    "uid": ""
                  }
                ],
                "spec": [
                  {
                    "container_concurrency": 0,
                    "containers": [
                      {
                        "args": null,
                        "command": null,
                        "env": [
                          {
                            "name": "API_PORT",
                            "value": "80",
                            "value_from": []
                          },
                          {
                            "name": "GCP_PROJECT",
                            "value": "fur-meds-project",
                            "value_from": []
                          },
                          {
                            "name": "GIN_MODE",
                            "value": "release",
                            "value_from": []
                          }
                        ],
                        "env_from": [],
                        "image": "europe-west4-docker.pkg.dev/fur-meds-project/fur-meds/pets-api:main",
                        "liveness_probe": [],
                        "ports": [
                          {
                            "container_port": 80,
                            "name": "",
                            "protocol": ""
                          }
                        ],
                        "resources": [],
                        "startup_probe": [],
                        "volume_mounts": [],
                        "working_dir": ""
                      }
                    ],
                    "service_account_name": "",
                    "serving_state": "",
                    "timeout_seconds": 0,
                    "volumes": []
                  }
                ]
              }
            ],
            "timeouts": null,
            "traffic": null
          },
          "sensitive_attributes": [],
          "private": "eyJlMmJmYjczMC1lY2FhLTExZTYtOGY4OC0zNDM2M2JjN2M0YzAiOnsiY3JlYXRlIjoxMjAwMDAwMDAwMDAwLCJkZWxldGUiOjEyMDAwMDAwMDAwMDAsInVwZGF0ZSI6MTIwMDAwMDAwMDAwMH0sInNjaGVtYV92ZXJzaW9uIjoiMSJ9"
        }
      ]
    },
    {
      "module": "module.cloud_run_fur_meds_pets_api",
      "mode": "managed",
      "type": "google_cloud_run_service_iam_policy",
      "name": "noauth_policy",
      "provider": "provider[\"registry.terraform.io/hashicorp/google\"]",
      "instances": []
    }
  ],
  "check_results": null
}
